
Microsoft Visual Studio Solution File, Format Version 12.00
# Visual Studio Version 16
VisualStudioVersion = 16.0.30104.148
MinimumVisualStudioVersion = 10.0.40219.1
Project("{FAE04EC0-301F-11D3-BF4B-00C04F79EFBC}") = "WebApiProyectoLenguajes", "WebApiProyectoLenguajes\WebApiProyectoLenguajes.csproj", "{50AF630A-9701-483B-9A9D-7BB6714F4A02}"
EndProject
Global
	GlobalSection(SolutionConfigurationPlatforms) = preSolution
		Debug|Any CPU = Debug|Any CPU
		Release|Any CPU = Release|Any CPU
	EndGlobalSection
	GlobalSection(ProjectConfigurationPlatforms) = postSolution
		{50AF630A-9701-483B-9A9D-7BB6714F4A02}.Debug|Any CPU.ActiveCfg = Debug|Any CPU
		{50AF630A-9701-483B-9A9D-7BB6714F4A02}.Debug|Any CPU.Build.0 = Debug|Any CPU
		{50AF630A-9701-483B-9A9D-7BB6714F4A02}.Release|Any CPU.ActiveCfg = Release|Any CPU
		{50AF630A-9701-483B-9A9D-7BB6714F4A02}.Release|Any CPU.Build.0 = Release|Any CPU
	EndGlobalSection
	GlobalSection(SolutionProperties) = preSolution
		HideSolutionNode = FALSE
	EndGlobalSection
	GlobalSection(ExtensibilityGlobals) = postSolution
		SolutionGuid = {7961D9A6-330D-4074-9EF8-B65208139248}
	EndGlobalSection
EndGlobal
